// !$*UTF8*$!
{
	archiveVersion = 1;
	classes = {
	};
	objectVersion = 50;
	objects = {

/* Begin PBXBuildFile section */
		B01880D8223102950022B441 /* AppDelegate.m in Sources */ = {isa = PBXBuildFile; fileRef = B01880D7223102950022B441 /* AppDelegate.m */; };
		B01880DB223102950022B441 /* ViewController.m in Sources */ = {isa = PBXBuildFile; fileRef = B01880DA223102950022B441 /* ViewController.m */; };
		B01880DE223102950022B441 /* Main.storyboard in Resources */ = {isa = PBXBuildFile; fileRef = B01880DC223102950022B441 /* Main.storyboard */; };
		B01880E0223102990022B441 /* Assets.xcassets in Resources */ = {isa = PBXBuildFile; fileRef = B01880DF223102990022B441 /* Assets.xcassets */; };
		B01880E3223102990022B441 /* LaunchScreen.storyboard in Resources */ = {isa = PBXBuildFile; fileRef = B01880E1223102990022B441 /* LaunchScreen.storyboard */; };
		B01880E6223102990022B441 /* main.m in Sources */ = {isa = PBXBuildFile; fileRef = B01880E5223102990022B441 /* main.m */; };
		B01880EF22310A0C0022B441 /* README.md in Resources */ = {isa = PBXBuildFile; fileRef = B01880EE22310A0C0022B441 /* README.md */; };
		B01880F622310AF40022B441 /* NSThreadVC.m in Sources */ = {isa = PBXBuildFile; fileRef = B01880F522310AF40022B441 /* NSThreadVC.m */; };
		B01880F922310B050022B441 /* GCDVC.m in Sources */ = {isa = PBXBuildFile; fileRef = B01880F822310B050022B441 /* GCDVC.m */; };
		B01880FF22310B230022B441 /* NSOperationVC.m in Sources */ = {isa = PBXBuildFile; fileRef = B01880FE22310B230022B441 /* NSOperationVC.m */; };
/* End PBXBuildFile section */

/* Begin PBXFileReference section */
		B01880D3223102950022B441 /* MultiThread.app */ = {isa = PBXFileReference; explicitFileType = wrapper.application; includeInIndex = 0; path = MultiThread.app; sourceTree = BUILT_PRODUCTS_DIR; };
		B01880D6223102950022B441 /* AppDelegate.h */ = {isa = PBXFileReference; lastKnownFileType = sourcecode.c.h; path = AppDelegate.h; sourceTree = "<group>"; };
		B01880D7223102950022B441 /* AppDelegate.m */ = {isa = PBXFileReference; lastKnownFileType = sourcecode.c.objc; path = AppDelegate.m; sourceTree = "<group>"; };
		B01880D9223102950022B441 /* ViewController.h */ = {isa = PBXFileReference; lastKnownFileType = sourcecode.c.h; path = ViewController.h; sourceTree = "<group>"; };
		B01880DA223102950022B441 /* ViewController.m */ = {isa = PBXFileReference; lastKnownFileType = sourcecode.c.objc; path = ViewController.m; sourceTree = "<group>"; };
		B01880DD223102950022B441 /* Base */ = {isa = PBXFileReference; lastKnownFileType = file.storyboard; name = Base; path = Base.lproj/Main.storyboard; sourceTree = "<group>"; };
		B01880DF223102990022B441 /* Assets.xcassets */ = {isa = PBXFileReference; lastKnownFileType = folder.assetcatalog; path = Assets.xcassets; sourceTree = "<group>"; };
		B01880E2223102990022B441 /* Base */ = {isa = PBXFileReference; lastKnownFileType = file.storyboard; name = Base; path = Base.lproj/LaunchScreen.storyboard; sourceTree = "<group>"; };
		B01880E4223102990022B441 /* Info.plist */ = {isa = PBXFileReference; lastKnownFileType = text.plist.xml; path = Info.plist; sourceTree = "<group>"; };
		B01880E5223102990022B441 /* main.m */ = {isa = PBXFileReference; lastKnownFileType = sourcecode.c.objc; path = main.m; sourceTree = "<group>"; };
		B01880ED2231031D0022B441 /* Header.txt */ = {isa = PBXFileReference; lastKnownFileType = text; path = Header.txt; sourceTree = "<group>"; };
		B01880EE22310A0C0022B441 /* README.md */ = {isa = PBXFileReference; fileEncoding = 4; lastKnownFileType = net.daringfireball.markdown; path = README.md; sourceTree = "<group>"; };
		B01880F422310AF40022B441 /* NSThreadVC.h */ = {isa = PBXFileReference; lastKnownFileType = sourcecode.c.h; path = NSThreadVC.h; sourceTree = "<group>"; };
		B01880F522310AF40022B441 /* NSThreadVC.m */ = {isa = PBXFileReference; lastKnownFileType = sourcecode.c.objc; path = NSThreadVC.m; sourceTree = "<group>"; };
		B01880F722310B050022B441 /* GCDVC.h */ = {isa = PBXFileReference; lastKnownFileType = sourcecode.c.h; path = GCDVC.h; sourceTree = "<group>"; };
		B01880F822310B050022B441 /* GCDVC.m */ = {isa = PBXFileReference; lastKnownFileType = sourcecode.c.objc; path = GCDVC.m; sourceTree = "<group>"; };
		B01880FD22310B230022B441 /* NSOperationVC.h */ = {isa = PBXFileReference; lastKnownFileType = sourcecode.c.h; path = NSOperationVC.h; sourceTree = "<group>"; };
		B01880FE22310B230022B441 /* NSOperationVC.m */ = {isa = PBXFileReference; lastKnownFileType = sourcecode.c.objc; path = NSOperationVC.m; sourceTree = "<group>"; };
/* End PBXFileReference section */

/* Begin PBXFrameworksBuildPhase section */
		B01880D0223102950022B441 /* Frameworks */ = {
			isa = PBXFrameworksBuildPhase;
			buildActionMask = 2147483647;
			files = (
			);
			runOnlyForDeploymentPostprocessing = 0;
		};
/* End PBXFrameworksBuildPhase section */

/* Begin PBXGroup section */
		B01880CA223102950022B441 = {
			isa = PBXGroup;
			children = (
				B01880D5223102950022B441 /* MultiThread */,
				B01880D4223102950022B441 /* Products */,
			);
			sourceTree = "<group>";
		};
		B01880D4223102950022B441 /* Products */ = {
			isa = PBXGroup;
			children = (
				B01880D3223102950022B441 /* MultiThread.app */,
			);
			name = Products;
			sourceTree = "<group>";
		};
		B01880D5223102950022B441 /* MultiThread */ = {
			isa = PBXGroup;
			children = (
				B01880F722310B050022B441 /* GCDVC.h */,
				B01880F822310B050022B441 /* GCDVC.m */,
				B01880FD22310B230022B441 /* NSOperationVC.h */,
				B01880FE22310B230022B441 /* NSOperationVC.m */,
				B01880F422310AF40022B441 /* NSThreadVC.h */,
				B01880F522310AF40022B441 /* NSThreadVC.m */,
				B01880EC223102A80022B441 /* Others */,
			);
			path = MultiThread;
			sourceTree = "<group>";
		};
		B01880EC223102A80022B441 /* Others */ = {
			isa = PBXGroup;
			children = (
				B01880D6223102950022B441 /* AppDelegate.h */,
				B01880D7223102950022B441 /* AppDelegate.m */,
				B01880D9223102950022B441 /* ViewController.h */,
				B01880DA223102950022B441 /* ViewController.m */,
				B01880ED2231031D0022B441 /* Header.txt */,
				B01880EE22310A0C0022B441 /* README.md */,
				B01880DC223102950022B441 /* Main.storyboard */,
				B01880DF223102990022B441 /* Assets.xcassets */,
				B01880E1223102990022B441 /* LaunchScreen.storyboard */,
				B01880E4223102990022B441 /* Info.plist */,
				B01880E5223102990022B441 /* main.m */,
			);
			name = Others;
			sourceTree = "<group>";
		};
/* End PBXGroup section */

/* Begin PBXNativeTarget section */
		B01880D2223102950022B441 /* MultiThread */ = {
			isa = PBXNativeTarget;
			buildConfigurationList = B01880E9223102990022B441 /* Build configuration list for PBXNativeTarget "MultiThread" */;
			buildPhases = (
				B01880CF223102950022B441 /* Sources */,
				B01880D0223102950022B441 /* Frameworks */,
				B01880D1223102950022B441 /* Resources */,
			);
			buildRules = (
			);
			dependencies = (
			);
			name = MultiThread;
			productName = MultiThread;
			productReference = B01880D3223102950022B441 /* MultiThread.app */;
			productType = "com.apple.product-type.application";
		};
/* End PBXNativeTarget section */

/* Begin PBXProject section */
		B01880CB223102950022B441 /* Project object */ = {
			isa = PBXProject;
			attributes = {
				LastUpgradeCheck = 1010;
				ORGANIZATIONNAME = "KMF-Engineering";
				TargetAttributes = {
					B01880D2223102950022B441 = {
						CreatedOnToolsVersion = 10.1;
					};
				};
			};
			buildConfigurationList = B01880CE223102950022B441 /* Build configuration list for PBXProject "MultiThread" */;
			compatibilityVersion = "Xcode 9.3";
			developmentRegion = en;
			hasScannedForEncodings = 0;
			knownRegions = (
				en,
				Base,
			);
			mainGroup = B01880CA223102950022B441;
			productRefGroup = B01880D4223102950022B441 /* Products */;
			projectDirPath = "";
			projectRoot = "";
			targets = (
				B01880D2223102950022B441 /* MultiThread */,
			);
		};
/* End PBXProject section */

/* Begin PBXResourcesBuildPhase section */
		B01880D1223102950022B441 /* Resources */ = {
			isa = PBXResourcesBuildPhase;
			buildActionMask = 2147483647;
			files = (
				B01880E3223102990022B441 /* LaunchScreen.storyboard in Resources */,
				B01880E0223102990022B441 /* Assets.xcassets in Resources */,
				B01880EF22310A0C0022B441 /* README.md in Resources */,
				B01880DE223102950022B441 /* Main.storyboard in Resources */,
			);
			runOnlyForDeploymentPostprocessing = 0;
		};
/* End PBXResourcesBuildPhase section */

/* Begin PBXSourcesBuildPhase section */
		B01880CF223102950022B441 /* Sources */ = {
			isa = PBXSourcesBuildPhase;
			buildActionMask = 2147483647;
			files = (
				B01880DB223102950022B441 /* ViewController.m in Sources */,
				B01880FF22310B230022B441 /* NSOperationVC.m in Sources */,
				B01880F622310AF40022B441 /* NSThreadVC.m in Sources */,
				B01880F922310B050022B441 /* GCDVC.m in Sources */,
				B01880E6223102990022B441 /* main.m in Sources */,
				B01880D8223102950022B441 /* AppDelegate.m in Sources */,
			);
			runOnlyForDeploymentPostprocessing = 0;
		};
/* End PBXSourcesBuildPhase section */

/* Begin PBXVariantGroup section */
		B01880DC223102950022B441 /* Main.storyboard */ = {
			isa = PBXVariantGroup;
			children = (
				B01880DD223102950022B441 /* Base */,
			);
			name = Main.storyboard;
			sourceTree = "<group>";
		};
		B01880E1223102990022B441 /* LaunchScreen.storyboard */ = {
			isa = PBXVariantGroup;
			children = (
				B01880E2223102990022B441 /* Base */,
			);
			name = LaunchScreen.storyboard;
			sourceTree = "<group>";
		};
/* End PBXVariantGroup section */

/* Begin XCBuildConfiguration section */
		B01880E7223102990022B441 /* Debug */ = {
			isa = XCBuildConfiguration;
			buildSettings = {
				ALWAYS_SEARCH_USER_PATHS = NO;
				CLANG_ANALYZER_NONNULL = YES;
				CLANG_ANALYZER_NUMBER_OBJECT_CONVERSION = YES_AGGRESSIVE;
				CLANG_CXX_LANGUAGE_STANDARD = "gnu++14";
				CLANG_CXX_LIBRARY = "libc++";
				CLANG_ENABLE_MODULES = YES;
				CLANG_ENABLE_OBJC_ARC = YES;
				CLANG_ENABLE_OBJC_WEAK = YES;
				CLANG_WARN_BLOCK_CAPTURE_AUTORELEASING = YES;
				CLANG_WARN_BOOL_CONVERSION = YES;
				CLANG_WARN_COMMA = YES;
				CLANG_WARN_CONSTANT_CONVERSION = YES;
				CLANG_WARN_DEPRECATED_OBJC_IMPLEMENTATIONS = YES;
				CLANG_WARN_DIRECT_OBJC_ISA_USAGE = YES_ERROR;
				CLANG_WARN_DOCUMENTATION_COMMENTS = YES;
				CLANG_WARN_EMPTY_BODY = YES;
				CLANG_WARN_ENUM_CONVERSION = YES;
				CLANG_WARN_INFINITE_RECURSION = YES;
				CLANG_WARN_INT_CONVERSION = YES;
				CLANG_WARN_NON_LITERAL_NULL_CONVERSION = YES;
				CLANG_WARN_OBJC_IMPLICIT_RETAIN_SELF = YES;
				CLANG_WARN_OBJC_LITERAL_CONVERSION = YES;
				CLANG_WARN_OBJC_ROOT_CLASS = YES_ERROR;
				CLANG_WARN_RANGE_LOOP_ANALYSIS = YES;
				CLANG_WARN_STRICT_PROTOTYPES = YES;
				CLANG_WARN_SUSPICIOUS_MOVE = YES;
				CLANG_WARN_UNGUARDED_AVAILABILITY = YES_AGGRESSIVE;
				CLANG_WARN_UNREACHABLE_CODE = YES;
				CLANG_WARN__DUPLICATE_METHOD_MATCH = YES;
				CODE_SIGN_IDENTITY = "iPhone Developer";
				COPY_PHASE_STRIP = NO;
				DEBUG_INFORMATION_FORMAT = dwarf;
				ENABLE_STRICT_OBJC_MSGSEND = YES;
				ENABLE_TESTABILITY = YES;
				GCC_C_LANGUAGE_STANDARD = gnu11;
				GCC_DYNAMIC_NO_PIC = NO;
				GCC_NO_COMMON_BLOCKS = YES;
				GCC_OPTIMIZATION_LEVEL = 0;
				GCC_PREPROCESSOR_DEFINITIONS = (
					"DEBUG=1",
					"$(inherited)",
				);
				GCC_WARN_64_TO_32_BIT_CONVERSION = YES;
				GCC_WARN_ABOUT_RETURN_TYPE = YES_ERROR;
				GCC_WARN_UNDECLARED_SELECTOR = YES;
				GCC_WARN_UNINITIALIZED_AUTOS = YES_AGGRESSIVE;
				GCC_WARN_UNUSED_FUNCTION = YES;
				GCC_WARN_UNUSED_VARIABLE = YES;
				IPHONEOS_DEPLOYMENT_TARGET = 12.1;
				MTL_ENABLE_DEBUG_INFO = INCLUDE_SOURCE;
				MTL_FAST_MATH = YES;
				ONLY_ACTIVE_ARCH = YES;
				SDKROOT = iphoneos;
			};
			name = Debug;
		};
		B01880E8223102990022B441 /* Release */ = {
			isa = XCBuildConfiguration;
			buildSettings = {
				ALWAYS_SEARCH_USER_PATHS = NO;
				CLANG_ANALYZER_NONNULL = YES;
				CLANG_ANALYZER_NUMBER_OBJECT_CONVERSION = YES_AGGRESSIVE;
				CLANG_CXX_LANGUAGE_STANDARD = "gnu++14";
				CLANG_CXX_LIBRARY = "libc++";
				CLANG_ENABLE_MODULES = YES;
				CLANG_ENABLE_OBJC_ARC = YES;
				CLANG_ENABLE_OBJC_WEAK = YES;
				CLANG_WARN_BLOCK_CAPTURE_AUTORELEASING = YES;
				CLANG_WARN_BOOL_CONVERSION = YES;
				CLANG_WARN_COMMA = YES;
				CLANG_WARN_CONSTANT_CONVERSION = YES;
				CLANG_WARN_DEPRECATED_OBJC_IMPLEMENTATIONS = YES;
				CLANG_WARN_DIRECT_OBJC_ISA_USAGE = YES_ERROR;
				CLANG_WARN_DOCUMENTATION_COMMENTS = YES;
				CLANG_WARN_EMPTY_BODY = YES;
				CLANG_WARN_ENUM_CONVERSION = YES;
				CLANG_WARN_INFINITE_RECURSION = YES;
				CLANG_WARN_INT_CONVERSION = YES;
				CLANG_WARN_NON_LITERAL_NULL_CONVERSION = YES;
				CLANG_WARN_OBJC_IMPLICIT_RETAIN_SELF = YES;
				CLANG_WARN_OBJC_LITERAL_CONVERSION = YES;
				CLANG_WARN_OBJC_ROOT_CLASS = YES_ERROR;
				CLANG_WARN_RANGE_LOOP_ANALYSIS = YES;
				CLANG_WARN_STRICT_PROTOTYPES = YES;
				CLANG_WARN_SUSPICIOUS_MOVE = YES;
				CLANG_WARN_UNGUARDED_AVAILABILITY = YES_AGGRESSIVE;
				CLANG_WARN_UNREACHABLE_CODE = YES;
				CLANG_WARN__DUPLICATE_METHOD_MATCH = YES;
				CODE_SIGN_IDENTITY = "iPhone Developer";
				COPY_PHASE_STRIP = NO;
				DEBUG_INFORMATION_FORMAT = "dwarf-with-dsym";
				ENABLE_NS_ASSERTIONS = NO;
				ENABLE_STRICT_OBJC_MSGSEND = YES;
				GCC_C_LANGUAGE_STANDARD = gnu11;
				GCC_NO_COMMON_BLOCKS = YES;
				GCC_WARN_64_TO_32_BIT_CONVERSION = YES;
				GCC_WARN_ABOUT_RETURN_TYPE = YES_ERROR;
				GCC_WARN_UNDECLARED_SELECTOR = YES;
				GCC_WARN_UNINITIALIZED_AUTOS = YES_AGGRESSIVE;
				GCC_WARN_UNUSED_FUNCTION = YES;
				GCC_WARN_UNUSED_VARIABLE = YES;
				IPHONEOS_DEPLOYMENT_TARGET = 12.1;
				MTL_ENABLE_DEBUG_INFO = NO;
				MTL_FAST_MATH = YES;
				SDKROOT = iphoneos;
				VALIDATE_PRODUCT = YES;
			};
			name = Release;
		};
		B01880EA223102990022B441 /* Debug */ = {
			isa = XCBuildConfiguration;
			buildSettings = {
				ASSETCATALOG_COMPILER_APPICON_NAME = AppIcon;
				CODE_SIGN_STYLE = Automatic;
				DEVELOPMENT_TEAM = ZT38DY35DB;
				INFOPLIST_FILE = MultiThread/Info.plist;
				LD_RUNPATH_SEARCH_PATHS = (
					"$(inherited)",
					"@executable_path/Frameworks",
				);
				PRODUCT_BUNDLE_IDENTIFIER = com.enhance.MultiThread;
				PRODUCT_NAME = "$(TARGET_NAME)";
				TARGETED_DEVICE_FAMILY = "1,2";
			};
			name = Debug;
		};
		B01880EB223102990022B441 /* Release */ = {
			isa = XCBuildConfiguration;
			buildSettings = {
				ASSETCATALOG_COMPILER_APPICON_NAME = AppIcon;
				CODE_SIGN_STYLE = Automatic;
				DEVELOPMENT_TEAM = ZT38DY35DB;
				INFOPLIST_FILE = MultiThread/Info.plist;
				LD_RUNPATH_SEARCH_PATHS = (
					"$(inherited)",
					"@executable_path/Frameworks",
				);
				PRODUCT_BUNDLE_IDENTIFIER = com.enhance.MultiThread;
				PRODUCT_NAME = "$(TARGET_NAME)";
				TARGETED_DEVICE_FAMILY = "1,2";
			};
			name = Release;
		};
/* End XCBuildConfiguration section */

/* Begin XCConfigurationList section */
		B01880CE223102950022B441 /* Build configuration list for PBXProject "MultiThread" */ = {
			isa = XCConfigurationList;
			buildConfigurations = (
				B01880E7223102990022B441 /* Debug */,
				B01880E8223102990022B441 /* Release */,
			);
			defaultConfigurationIsVisible = 0;
			defaultConfigurationName = Release;
		};
		B01880E9223102990022B441 /* Build configuration list for PBXNativeTarget "MultiThread" */ = {
			isa = XCConfigurationList;
			buildConfigurations = (
				B01880EA223102990022B441 /* Debug */,
				B01880EB223102990022B441 /* Release */,
			);
			defaultConfigurationIsVisible = 0;
			defaultConfigurationName = Release;
		};
/* End XCConfigurationList section */
	};
	rootObject = B01880CB223102950022B441 /* Project object */;
}
